
Microsoft Visual Studio Solution File, Format Version 12.00
# Visual Studio Version 16
VisualStudioVersion = 16.0.31702.278
MinimumVisualStudioVersion = 10.0.40219.1
Project("{FAE04EC0-301F-11D3-BF4B-00C04F79EFBC}") = "Validation", "Validation\Validation.csproj", "{911D22D0-99D1-4854-830F-ED0E486CFFB0}"
EndProject
Project("{FAE04EC0-301F-11D3-BF4B-00C04F79EFBC}") = "Validation.Classes", "Validation.Classes\Validation.Classes.csproj", "{843ACC53-A0DB-4DF7-A894-B5043C68D960}"
EndProject
Global
	GlobalSection(SolutionConfigurationPlatforms) = preSolution
		Debug|Any CPU = Debug|Any CPU
		Release|Any CPU = Release|Any CPU
	EndGlobalSection
	GlobalSection(ProjectConfigurationPlatforms) = postSolution
		{911D22D0-99D1-4854-830F-ED0E486CFFB0}.Debug|Any CPU.ActiveCfg = Debug|Any CPU
		{911D22D0-99D1-4854-830F-ED0E486CFFB0}.Debug|Any CPU.Build.0 = Debug|Any CPU
		{911D22D0-99D1-4854-830F-ED0E486CFFB0}.Release|Any CPU.ActiveCfg = Release|Any CPU
		{911D22D0-99D1-4854-830F-ED0E486CFFB0}.Release|Any CPU.Build.0 = Release|Any CPU
		{843ACC53-A0DB-4DF7-A894-B5043C68D960}.Debug|Any CPU.ActiveCfg = Debug|Any CPU
		{843ACC53-A0DB-4DF7-A894-B5043C68D960}.Debug|Any CPU.Build.0 = Debug|Any CPU
		{843ACC53-A0DB-4DF7-A894-B5043C68D960}.Release|Any CPU.ActiveCfg = Release|Any CPU
		{843ACC53-A0DB-4DF7-A894-B5043C68D960}.Release|Any CPU.Build.0 = Release|Any CPU
	EndGlobalSection
	GlobalSection(SolutionProperties) = preSolution
		HideSolutionNode = FALSE
	EndGlobalSection
	GlobalSection(ExtensibilityGlobals) = postSolution
		SolutionGuid = {541D4977-6CD4-4353-BF68-205E3489E983}
	EndGlobalSection
EndGlobal
