
Microsoft Visual Studio Solution File, Format Version 12.00
# Visual Studio Version 16
VisualStudioVersion = 16.0.31729.503
MinimumVisualStudioVersion = 10.0.40219.1
Project("{FAE04EC0-301F-11D3-BF4B-00C04F79EFBC}") = "Chaser.Common", "Chaser\Chaser.Common.csproj", "{971F39DA-1284-4705-BCDF-52CCEF2F5095}"
EndProject
Project("{FAE04EC0-301F-11D3-BF4B-00C04F79EFBC}") = "Chaser.Program", "Chaser.Program\Chaser.Program.csproj", "{00AA078A-18D2-42AC-AD18-634AEEF44B5B}"
EndProject
Project("{FAE04EC0-301F-11D3-BF4B-00C04F79EFBC}") = "Chaser.UserPlayer", "Chaser.UserPlayer\Chaser.UserPlayer.csproj", "{20E7CAB5-EF35-4973-B55A-9D97B7A7B771}"
EndProject
Project("{FAE04EC0-301F-11D3-BF4B-00C04F79EFBC}") = "Chaser.RandomEnemy", "Chaser.RandomEnemy\Chaser.RandomEnemy.csproj", "{625BCE63-939A-40BE-BBE9-D586CDEC686E}"
EndProject
Project("{FAE04EC0-301F-11D3-BF4B-00C04F79EFBC}") = "Chaser.FollowerEnemy", "Chaser.FollowerEnemy\Chaser.FollowerEnemy.csproj", "{5136DFEB-95C0-4B54-BDF5-01771AC6F704}"
EndProject
Global
	GlobalSection(SolutionConfigurationPlatforms) = preSolution
		Debug|Any CPU = Debug|Any CPU
		Release|Any CPU = Release|Any CPU
	EndGlobalSection
	GlobalSection(ProjectConfigurationPlatforms) = postSolution
		{971F39DA-1284-4705-BCDF-52CCEF2F5095}.Debug|Any CPU.ActiveCfg = Debug|Any CPU
		{971F39DA-1284-4705-BCDF-52CCEF2F5095}.Debug|Any CPU.Build.0 = Debug|Any CPU
		{971F39DA-1284-4705-BCDF-52CCEF2F5095}.Release|Any CPU.ActiveCfg = Release|Any CPU
		{971F39DA-1284-4705-BCDF-52CCEF2F5095}.Release|Any CPU.Build.0 = Release|Any CPU
		{00AA078A-18D2-42AC-AD18-634AEEF44B5B}.Debug|Any CPU.ActiveCfg = Debug|Any CPU
		{00AA078A-18D2-42AC-AD18-634AEEF44B5B}.Debug|Any CPU.Build.0 = Debug|Any CPU
		{00AA078A-18D2-42AC-AD18-634AEEF44B5B}.Release|Any CPU.ActiveCfg = Release|Any CPU
		{00AA078A-18D2-42AC-AD18-634AEEF44B5B}.Release|Any CPU.Build.0 = Release|Any CPU
		{20E7CAB5-EF35-4973-B55A-9D97B7A7B771}.Debug|Any CPU.ActiveCfg = Debug|Any CPU
		{20E7CAB5-EF35-4973-B55A-9D97B7A7B771}.Debug|Any CPU.Build.0 = Debug|Any CPU
		{20E7CAB5-EF35-4973-B55A-9D97B7A7B771}.Release|Any CPU.ActiveCfg = Release|Any CPU
		{20E7CAB5-EF35-4973-B55A-9D97B7A7B771}.Release|Any CPU.Build.0 = Release|Any CPU
		{625BCE63-939A-40BE-BBE9-D586CDEC686E}.Debug|Any CPU.ActiveCfg = Debug|Any CPU
		{625BCE63-939A-40BE-BBE9-D586CDEC686E}.Debug|Any CPU.Build.0 = Debug|Any CPU
		{625BCE63-939A-40BE-BBE9-D586CDEC686E}.Release|Any CPU.ActiveCfg = Release|Any CPU
		{625BCE63-939A-40BE-BBE9-D586CDEC686E}.Release|Any CPU.Build.0 = Release|Any CPU
		{5136DFEB-95C0-4B54-BDF5-01771AC6F704}.Debug|Any CPU.ActiveCfg = Debug|Any CPU
		{5136DFEB-95C0-4B54-BDF5-01771AC6F704}.Debug|Any CPU.Build.0 = Debug|Any CPU
		{5136DFEB-95C0-4B54-BDF5-01771AC6F704}.Release|Any CPU.ActiveCfg = Release|Any CPU
		{5136DFEB-95C0-4B54-BDF5-01771AC6F704}.Release|Any CPU.Build.0 = Release|Any CPU
	EndGlobalSection
	GlobalSection(SolutionProperties) = preSolution
		HideSolutionNode = FALSE
	EndGlobalSection
	GlobalSection(ExtensibilityGlobals) = postSolution
		SolutionGuid = {F148F8EE-115F-4D5F-8E40-7FC78DAC3D10}
	EndGlobalSection
EndGlobal
